
Microsoft Visual Studio Solution File, Format Version 12.00
# Visual Studio Version 17
VisualStudioVersion = 17.8.34309.116
MinimumVisualStudioVersion = 10.0.40219.1
Project("{FAE04EC0-301F-11D3-BF4B-00C04F79EFBC}") = "Blazor.StorageAPITest", "Blazor.StorageAPITest\Blazor.StorageAPITest.csproj", "{181BA95A-C74F-4917-A166-7BF208E6E9E5}"
EndProject
Global
	GlobalSection(SolutionConfigurationPlatforms) = preSolution
		Debug|Any CPU = Debug|Any CPU
		Release|Any CPU = Release|Any CPU
	EndGlobalSection
	GlobalSection(ProjectConfigurationPlatforms) = postSolution
		{181BA95A-C74F-4917-A166-7BF208E6E9E5}.Debug|Any CPU.ActiveCfg = Debug|Any CPU
		{181BA95A-C74F-4917-A166-7BF208E6E9E5}.Debug|Any CPU.Build.0 = Debug|Any CPU
		{181BA95A-C74F-4917-A166-7BF208E6E9E5}.Release|Any CPU.ActiveCfg = Release|Any CPU
		{181BA95A-C74F-4917-A166-7BF208E6E9E5}.Release|Any CPU.Build.0 = Release|Any CPU
	EndGlobalSection
	GlobalSection(SolutionProperties) = preSolution
		HideSolutionNode = FALSE
	EndGlobalSection
	GlobalSection(ExtensibilityGlobals) = postSolution
		SolutionGuid = {BA601E00-94BD-4C9E-8E12-5156B16D802D}
	EndGlobalSection
EndGlobal
